
Microsoft Visual Studio Solution File, Format Version 12.00
# Visual Studio Version 17
VisualStudioVersion = 17.8.34330.188
MinimumVisualStudioVersion = 10.0.40219.1
Project("{2150E333-8FDC-42A3-9474-1A3956D46DE8}") = "FrontEnd", "FrontEnd", "{3DC4F2EC-3428-4288-B4D1-E19B30249BFA}"
EndProject
Project("{2150E333-8FDC-42A3-9474-1A3956D46DE8}") = "Gateway", "Gateway", "{997E8405-07C5-4647-85B7-DB7D6FC72667}"
EndProject
Project("{2150E333-8FDC-42A3-9474-1A3956D46DE8}") = "Integracao", "Integracao", "{56E584C4-912E-41B8-B3A5-3C89C4E228BF}"
EndProject
Project("{2150E333-8FDC-42A3-9474-1A3956D46DE8}") = "Pagamentos", "Pagamentos", "{46B775C4-2659-4A6B-B67A-2EA347116D32}"
EndProject
Project("{2150E333-8FDC-42A3-9474-1A3956D46DE8}") = "Servicos", "Servicos", "{E88E9966-94AD-4F30-85E4-17F5DFE45160}"
EndProject
Project("{9A19103F-16F7-4668-BE54-9A1E7A4F7556}") = "E-Commerce.PB.Web", "E-Commerce.PB.Web\E-Commerce.PB.Web.csproj", "{3A35FEF9-AE56-4D31-9C33-9A1126B1A15B}"
EndProject
Project("{9A19103F-16F7-4668-BE54-9A1E7A4F7556}") = "E-Commerce.PB.ProdutoAPI", "E-Commerce.PB.ProdutoAPI\E-Commerce.PB.ProdutoAPI.csproj", "{5027E5A4-4DDC-4B93-B3C4-F03CD552557C}"
EndProject
Project("{9A19103F-16F7-4668-BE54-9A1E7A4F7556}") = "E-Commerce.PB.OrdemAPI", "E-Commerce.PB.OrdemAPI\E-Commerce.PB.OrdemAPI.csproj", "{82326554-EBFA-437F-9651-6936F75535BB}"
EndProject
Project("{9A19103F-16F7-4668-BE54-9A1E7A4F7556}") = "E-Commerce.PB.CuponAPI", "E-Commerce.PB.CuponAPI\E-Commerce.PB.CuponAPI.csproj", "{ED4F7DE4-50AD-43C8-A453-5C9BCA4BDEDF}"
EndProject
Project("{9A19103F-16F7-4668-BE54-9A1E7A4F7556}") = "E-Commerce.PB.PagamentoAPI", "E-Commerce.PB.PagamentoAPI\E-Commerce.PB.PagamentoAPI.csproj", "{9B12999C-98C6-4AFB-833E-51B37FF45A79}"
EndProject
Project("{9A19103F-16F7-4668-BE54-9A1E7A4F7556}") = "E-Commerce.PB.EmailAPI", "E-Commerce.PB.EmailAPI\E-Commerce.PB.EmailAPI.csproj", "{A04227BE-CC01-4646-944E-336B90165C72}"
EndProject
Project("{9A19103F-16F7-4668-BE54-9A1E7A4F7556}") = "E-Commerce.PB.IdentityServerAPI", "E-Commerce.PB.IdentityServerAPI\E-Commerce.PB.IdentityServerAPI.csproj", "{7A282B48-7902-403E-B7DB-72AF8D626B6F}"
EndProject
Project("{9A19103F-16F7-4668-BE54-9A1E7A4F7556}") = "E-Commerce.PB.CarrinhoAPI", "E-Commerce.PB.CarrinhoAPI\E-Commerce.PB.CarrinhoAPI.csproj", "{5FE754EA-5824-46EF-A1A6-9BFC72A1CADA}"
EndProject
Project("{9A19103F-16F7-4668-BE54-9A1E7A4F7556}") = "E-Commerce.PB.GatewayAPI", "E-Commerce.PB.GatewayAPI\E-Commerce.PB.GatewayAPI.csproj", "{6290A86D-5F7E-4961-AA4F-B36761907F57}"
EndProject
Project("{FAE04EC0-301F-11D3-BF4B-00C04F79EFBC}") = "E-Commerce.PB.MessageBus", "E-Commerce.PB.MessageBus\E-Commerce.PB.MessageBus.csproj", "{D1A42794-9AF3-4A9F-867D-7AC1E6CF79EA}"
EndProject
Project("{FAE04EC0-301F-11D3-BF4B-00C04F79EFBC}") = "E-Commerce.PB.Pagamento.Processar", "E-Commerce.PB.Pagamento.Processar\E-Commerce.PB.Pagamento.Processar.csproj", "{C320FA7F-76D9-43EB-82FE-D9C696BBEB2D}"
EndProject
Global
	GlobalSection(SolutionConfigurationPlatforms) = preSolution
		Debug|Any CPU = Debug|Any CPU
		Release|Any CPU = Release|Any CPU
	EndGlobalSection
	GlobalSection(ProjectConfigurationPlatforms) = postSolution
		{3A35FEF9-AE56-4D31-9C33-9A1126B1A15B}.Debug|Any CPU.ActiveCfg = Debug|Any CPU
		{3A35FEF9-AE56-4D31-9C33-9A1126B1A15B}.Debug|Any CPU.Build.0 = Debug|Any CPU
		{3A35FEF9-AE56-4D31-9C33-9A1126B1A15B}.Release|Any CPU.ActiveCfg = Release|Any CPU
		{3A35FEF9-AE56-4D31-9C33-9A1126B1A15B}.Release|Any CPU.Build.0 = Release|Any CPU
		{5027E5A4-4DDC-4B93-B3C4-F03CD552557C}.Debug|Any CPU.ActiveCfg = Debug|Any CPU
		{5027E5A4-4DDC-4B93-B3C4-F03CD552557C}.Debug|Any CPU.Build.0 = Debug|Any CPU
		{5027E5A4-4DDC-4B93-B3C4-F03CD552557C}.Release|Any CPU.ActiveCfg = Release|Any CPU
		{5027E5A4-4DDC-4B93-B3C4-F03CD552557C}.Release|Any CPU.Build.0 = Release|Any CPU
		{82326554-EBFA-437F-9651-6936F75535BB}.Debug|Any CPU.ActiveCfg = Debug|Any CPU
		{82326554-EBFA-437F-9651-6936F75535BB}.Debug|Any CPU.Build.0 = Debug|Any CPU
		{82326554-EBFA-437F-9651-6936F75535BB}.Release|Any CPU.ActiveCfg = Release|Any CPU
		{82326554-EBFA-437F-9651-6936F75535BB}.Release|Any CPU.Build.0 = Release|Any CPU
		{ED4F7DE4-50AD-43C8-A453-5C9BCA4BDEDF}.Debug|Any CPU.ActiveCfg = Debug|Any CPU
		{ED4F7DE4-50AD-43C8-A453-5C9BCA4BDEDF}.Debug|Any CPU.Build.0 = Debug|Any CPU
		{ED4F7DE4-50AD-43C8-A453-5C9BCA4BDEDF}.Release|Any CPU.ActiveCfg = Release|Any CPU
		{ED4F7DE4-50AD-43C8-A453-5C9BCA4BDEDF}.Release|Any CPU.Build.0 = Release|Any CPU
		{9B12999C-98C6-4AFB-833E-51B37FF45A79}.Debug|Any CPU.ActiveCfg = Debug|Any CPU
		{9B12999C-98C6-4AFB-833E-51B37FF45A79}.Debug|Any CPU.Build.0 = Debug|Any CPU
		{9B12999C-98C6-4AFB-833E-51B37FF45A79}.Release|Any CPU.ActiveCfg = Release|Any CPU
		{9B12999C-98C6-4AFB-833E-51B37FF45A79}.Release|Any CPU.Build.0 = Release|Any CPU
		{A04227BE-CC01-4646-944E-336B90165C72}.Debug|Any CPU.ActiveCfg = Debug|Any CPU
		{A04227BE-CC01-4646-944E-336B90165C72}.Debug|Any CPU.Build.0 = Debug|Any CPU
		{A04227BE-CC01-4646-944E-336B90165C72}.Release|Any CPU.ActiveCfg = Release|Any CPU
		{A04227BE-CC01-4646-944E-336B90165C72}.Release|Any CPU.Build.0 = Release|Any CPU
		{7A282B48-7902-403E-B7DB-72AF8D626B6F}.Debug|Any CPU.ActiveCfg = Debug|Any CPU
		{7A282B48-7902-403E-B7DB-72AF8D626B6F}.Debug|Any CPU.Build.0 = Debug|Any CPU
		{7A282B48-7902-403E-B7DB-72AF8D626B6F}.Release|Any CPU.ActiveCfg = Release|Any CPU
		{7A282B48-7902-403E-B7DB-72AF8D626B6F}.Release|Any CPU.Build.0 = Release|Any CPU
		{5FE754EA-5824-46EF-A1A6-9BFC72A1CADA}.Debug|Any CPU.ActiveCfg = Debug|Any CPU
		{5FE754EA-5824-46EF-A1A6-9BFC72A1CADA}.Debug|Any CPU.Build.0 = Debug|Any CPU
		{5FE754EA-5824-46EF-A1A6-9BFC72A1CADA}.Release|Any CPU.ActiveCfg = Release|Any CPU
		{5FE754EA-5824-46EF-A1A6-9BFC72A1CADA}.Release|Any CPU.Build.0 = Release|Any CPU
		{6290A86D-5F7E-4961-AA4F-B36761907F57}.Debug|Any CPU.ActiveCfg = Debug|Any CPU
		{6290A86D-5F7E-4961-AA4F-B36761907F57}.Debug|Any CPU.Build.0 = Debug|Any CPU
		{6290A86D-5F7E-4961-AA4F-B36761907F57}.Release|Any CPU.ActiveCfg = Release|Any CPU
		{6290A86D-5F7E-4961-AA4F-B36761907F57}.Release|Any CPU.Build.0 = Release|Any CPU
		{D1A42794-9AF3-4A9F-867D-7AC1E6CF79EA}.Debug|Any CPU.ActiveCfg = Debug|Any CPU
		{D1A42794-9AF3-4A9F-867D-7AC1E6CF79EA}.Debug|Any CPU.Build.0 = Debug|Any CPU
		{D1A42794-9AF3-4A9F-867D-7AC1E6CF79EA}.Release|Any CPU.ActiveCfg = Release|Any CPU
		{D1A42794-9AF3-4A9F-867D-7AC1E6CF79EA}.Release|Any CPU.Build.0 = Release|Any CPU
		{C320FA7F-76D9-43EB-82FE-D9C696BBEB2D}.Debug|Any CPU.ActiveCfg = Debug|Any CPU
		{C320FA7F-76D9-43EB-82FE-D9C696BBEB2D}.Debug|Any CPU.Build.0 = Debug|Any CPU
		{C320FA7F-76D9-43EB-82FE-D9C696BBEB2D}.Release|Any CPU.ActiveCfg = Release|Any CPU
		{C320FA7F-76D9-43EB-82FE-D9C696BBEB2D}.Release|Any CPU.Build.0 = Release|Any CPU
	EndGlobalSection
	GlobalSection(SolutionProperties) = preSolution
		HideSolutionNode = FALSE
	EndGlobalSection
	GlobalSection(NestedProjects) = preSolution
		{3A35FEF9-AE56-4D31-9C33-9A1126B1A15B} = {3DC4F2EC-3428-4288-B4D1-E19B30249BFA}
		{5027E5A4-4DDC-4B93-B3C4-F03CD552557C} = {E88E9966-94AD-4F30-85E4-17F5DFE45160}
		{82326554-EBFA-437F-9651-6936F75535BB} = {E88E9966-94AD-4F30-85E4-17F5DFE45160}
		{ED4F7DE4-50AD-43C8-A453-5C9BCA4BDEDF} = {E88E9966-94AD-4F30-85E4-17F5DFE45160}
		{9B12999C-98C6-4AFB-833E-51B37FF45A79} = {E88E9966-94AD-4F30-85E4-17F5DFE45160}
		{A04227BE-CC01-4646-944E-336B90165C72} = {E88E9966-94AD-4F30-85E4-17F5DFE45160}
		{7A282B48-7902-403E-B7DB-72AF8D626B6F} = {E88E9966-94AD-4F30-85E4-17F5DFE45160}
		{5FE754EA-5824-46EF-A1A6-9BFC72A1CADA} = {E88E9966-94AD-4F30-85E4-17F5DFE45160}
		{6290A86D-5F7E-4961-AA4F-B36761907F57} = {997E8405-07C5-4647-85B7-DB7D6FC72667}
		{D1A42794-9AF3-4A9F-867D-7AC1E6CF79EA} = {56E584C4-912E-41B8-B3A5-3C89C4E228BF}
		{C320FA7F-76D9-43EB-82FE-D9C696BBEB2D} = {46B775C4-2659-4A6B-B67A-2EA347116D32}
	EndGlobalSection
	GlobalSection(ExtensibilityGlobals) = postSolution
		SolutionGuid = {CC9F9350-A5DA-43A7-AA80-E43D3000BFF7}
	EndGlobalSection
EndGlobal
